
Microsoft Visual Studio Solution File, Format Version 12.00
# Visual Studio Version 17
VisualStudioVersion = 17.3.32922.545
MinimumVisualStudioVersion = 10.0.40219.1
Project("{FAE04EC0-301F-11D3-BF4B-00C04F79EFBC}") = "StacksAndQueues", "StacksAndQueues.csproj", "{5D1454BE-F9AA-44C9-90B3-762F6A6DC059}"
EndProject
Global
	GlobalSection(SolutionConfigurationPlatforms) = preSolution
		Debug|Any CPU = Debug|Any CPU
		Release|Any CPU = Release|Any CPU
	EndGlobalSection
	GlobalSection(ProjectConfigurationPlatforms) = postSolution
		{5D1454BE-F9AA-44C9-90B3-762F6A6DC059}.Debug|Any CPU.ActiveCfg = Debug|Any CPU
		{5D1454BE-F9AA-44C9-90B3-762F6A6DC059}.Debug|Any CPU.Build.0 = Debug|Any CPU
		{5D1454BE-F9AA-44C9-90B3-762F6A6DC059}.Release|Any CPU.ActiveCfg = Release|Any CPU
		{5D1454BE-F9AA-44C9-90B3-762F6A6DC059}.Release|Any CPU.Build.0 = Release|Any CPU
	EndGlobalSection
	GlobalSection(SolutionProperties) = preSolution
		HideSolutionNode = FALSE
	EndGlobalSection
	GlobalSection(ExtensibilityGlobals) = postSolution
		SolutionGuid = {BEB96C01-CD42-4EE1-A886-4EC48B1DF6B8}
	EndGlobalSection
EndGlobal
